
Microsoft Visual Studio Solution File, Format Version 12.00
# Visual Studio Version 16
VisualStudioVersion = 16.0.29123.88
MinimumVisualStudioVersion = 10.0.40219.1
Project("{FAE04EC0-301F-11D3-BF4B-00C04F79EFBC}") = "SQL Comparator", "SQL Comparator\SQL Comparator.csproj", "{C7EDE5D9-50E8-455F-A02D-5362EB88C052}"
EndProject
Global
	GlobalSection(SolutionConfigurationPlatforms) = preSolution
		Debug|Any CPU = Debug|Any CPU
		Release|Any CPU = Release|Any CPU
	EndGlobalSection
	GlobalSection(ProjectConfigurationPlatforms) = postSolution
		{C7EDE5D9-50E8-455F-A02D-5362EB88C052}.Debug|Any CPU.ActiveCfg = Debug|Any CPU
		{C7EDE5D9-50E8-455F-A02D-5362EB88C052}.Debug|Any CPU.Build.0 = Debug|Any CPU
		{C7EDE5D9-50E8-455F-A02D-5362EB88C052}.Release|Any CPU.ActiveCfg = Release|Any CPU
		{C7EDE5D9-50E8-455F-A02D-5362EB88C052}.Release|Any CPU.Build.0 = Release|Any CPU
	EndGlobalSection
	GlobalSection(SolutionProperties) = preSolution
		HideSolutionNode = FALSE
	EndGlobalSection
	GlobalSection(ExtensibilityGlobals) = postSolution
		SolutionGuid = {08876891-AE22-4FAA-B50F-043B6D197E4D}
	EndGlobalSection
EndGlobal
